
Microsoft Visual Studio Solution File, Format Version 12.00
# Visual Studio 15
VisualStudioVersion = 15.0.27703.2042
MinimumVisualStudioVersion = 10.0.40219.1
Project("{FAE04EC0-301F-11D3-BF4B-00C04F79EFBC}") = "ATAPConsulting", "ATAPConsulting\ATAPConsulting.csproj", "{6A08B779-58DC-4534-8BBE-5DFCEB521855}"
EndProject
Global
	GlobalSection(SolutionConfigurationPlatforms) = preSolution
		Debug|Any CPU = Debug|Any CPU
		Release|Any CPU = Release|Any CPU
	EndGlobalSection
	GlobalSection(ProjectConfigurationPlatforms) = postSolution
		{6A08B779-58DC-4534-8BBE-5DFCEB521855}.Debug|Any CPU.ActiveCfg = Debug|Any CPU
		{6A08B779-58DC-4534-8BBE-5DFCEB521855}.Debug|Any CPU.Build.0 = Debug|Any CPU
		{6A08B779-58DC-4534-8BBE-5DFCEB521855}.Release|Any CPU.ActiveCfg = Release|Any CPU
		{6A08B779-58DC-4534-8BBE-5DFCEB521855}.Release|Any CPU.Build.0 = Release|Any CPU
	EndGlobalSection
	GlobalSection(SolutionProperties) = preSolution
		HideSolutionNode = FALSE
	EndGlobalSection
	GlobalSection(ExtensibilityGlobals) = postSolution
		SolutionGuid = {CC15F512-CDE9-42B8-B741-21B738C9DC18}
	EndGlobalSection
EndGlobal
